
Microsoft Visual Studio Solution File, Format Version 12.00
# Visual Studio 2013
VisualStudioVersion = 12.0.31101.0
MinimumVisualStudioVersion = 10.0.40219.1
Project("{FAE04EC0-301F-11D3-BF4B-00C04F79EFBC}") = "WeatherSearch", "WeatherSearch\WeatherSearch.csproj", "{AB63A569-7050-4E6B-861B-90B93A1CBB8F}"
EndProject
Project("{FAE04EC0-301F-11D3-BF4B-00C04F79EFBC}") = "WeatherSearch.Tests", "WeatherSearch.Tests\WeatherSearch.Tests.csproj", "{603DD0F6-C6A1-4A44-9431-0028E9E416AE}"
EndProject
Project("{FAE04EC0-301F-11D3-BF4B-00C04F79EFBC}") = "FootballSearch", "FootballSearch\FootballSearch.csproj", "{E53EBA45-0FE6-4754-B11F-86FE47C6D564}"
EndProject
Project("{FAE04EC0-301F-11D3-BF4B-00C04F79EFBC}") = "FootballSearch.Test", "FootballSearch.Test\FootballSearch.Test.csproj", "{3328AC05-7BC2-4857-96C6-53CFF2546343}"
EndProject
Project("{FAE04EC0-301F-11D3-BF4B-00C04F79EFBC}") = "SearchCore", "SearchCore\SearchCore.csproj", "{B170634E-339B-457A-90F8-14CEAAF01058}"
EndProject
Project("{FAE04EC0-301F-11D3-BF4B-00C04F79EFBC}") = "SearchCore.Tests", "SearchCore.Tests\SearchCore.Tests.csproj", "{5CB1D9B9-1CDE-43FA-B9C0-1A5414874202}"
EndProject
Global
	GlobalSection(SolutionConfigurationPlatforms) = preSolution
		Debug|Any CPU = Debug|Any CPU
		Release|Any CPU = Release|Any CPU
	EndGlobalSection
	GlobalSection(ProjectConfigurationPlatforms) = postSolution
		{AB63A569-7050-4E6B-861B-90B93A1CBB8F}.Debug|Any CPU.ActiveCfg = Debug|Any CPU
		{AB63A569-7050-4E6B-861B-90B93A1CBB8F}.Debug|Any CPU.Build.0 = Debug|Any CPU
		{AB63A569-7050-4E6B-861B-90B93A1CBB8F}.Release|Any CPU.ActiveCfg = Release|Any CPU
		{AB63A569-7050-4E6B-861B-90B93A1CBB8F}.Release|Any CPU.Build.0 = Release|Any CPU
		{603DD0F6-C6A1-4A44-9431-0028E9E416AE}.Debug|Any CPU.ActiveCfg = Debug|Any CPU
		{603DD0F6-C6A1-4A44-9431-0028E9E416AE}.Debug|Any CPU.Build.0 = Debug|Any CPU
		{603DD0F6-C6A1-4A44-9431-0028E9E416AE}.Release|Any CPU.ActiveCfg = Release|Any CPU
		{603DD0F6-C6A1-4A44-9431-0028E9E416AE}.Release|Any CPU.Build.0 = Release|Any CPU
		{E53EBA45-0FE6-4754-B11F-86FE47C6D564}.Debug|Any CPU.ActiveCfg = Debug|Any CPU
		{E53EBA45-0FE6-4754-B11F-86FE47C6D564}.Debug|Any CPU.Build.0 = Debug|Any CPU
		{E53EBA45-0FE6-4754-B11F-86FE47C6D564}.Release|Any CPU.ActiveCfg = Release|Any CPU
		{E53EBA45-0FE6-4754-B11F-86FE47C6D564}.Release|Any CPU.Build.0 = Release|Any CPU
		{3328AC05-7BC2-4857-96C6-53CFF2546343}.Debug|Any CPU.ActiveCfg = Debug|Any CPU
		{3328AC05-7BC2-4857-96C6-53CFF2546343}.Debug|Any CPU.Build.0 = Debug|Any CPU
		{3328AC05-7BC2-4857-96C6-53CFF2546343}.Release|Any CPU.ActiveCfg = Release|Any CPU
		{3328AC05-7BC2-4857-96C6-53CFF2546343}.Release|Any CPU.Build.0 = Release|Any CPU
		{B170634E-339B-457A-90F8-14CEAAF01058}.Debug|Any CPU.ActiveCfg = Debug|Any CPU
		{B170634E-339B-457A-90F8-14CEAAF01058}.Debug|Any CPU.Build.0 = Debug|Any CPU
		{B170634E-339B-457A-90F8-14CEAAF01058}.Release|Any CPU.ActiveCfg = Release|Any CPU
		{B170634E-339B-457A-90F8-14CEAAF01058}.Release|Any CPU.Build.0 = Release|Any CPU
		{5CB1D9B9-1CDE-43FA-B9C0-1A5414874202}.Debug|Any CPU.ActiveCfg = Debug|Any CPU
		{5CB1D9B9-1CDE-43FA-B9C0-1A5414874202}.Debug|Any CPU.Build.0 = Debug|Any CPU
		{5CB1D9B9-1CDE-43FA-B9C0-1A5414874202}.Release|Any CPU.ActiveCfg = Release|Any CPU
		{5CB1D9B9-1CDE-43FA-B9C0-1A5414874202}.Release|Any CPU.Build.0 = Release|Any CPU
	EndGlobalSection
	GlobalSection(SolutionProperties) = preSolution
		HideSolutionNode = FALSE
	EndGlobalSection
EndGlobal
